
Microsoft Visual Studio Solution File, Format Version 12.00
# Visual Studio 15
VisualStudioVersion = 15.0.28307.421
MinimumVisualStudioVersion = 10.0.40219.1
Project("{9A19103F-16F7-4668-BE54-9A1E7A4F7556}") = "G10_ProjectDotNet", "G10_ProjectDotNet\G10_ProjectDotNet.csproj", "{477BABA6-FC36-4281-BDF3-F36DB25AFE8F}"
EndProject
Project("{9A19103F-16F7-4668-BE54-9A1E7A4F7556}") = "G10_ProjectDotNet.Tests", "G10_ProjectDotNet.Tests\G10_ProjectDotNet.Tests.csproj", "{BFEA734D-D042-4FFC-B26A-D91A740D62D5}"
EndProject
Global
	GlobalSection(SolutionConfigurationPlatforms) = preSolution
		Debug|Any CPU = Debug|Any CPU
		Release|Any CPU = Release|Any CPU
	EndGlobalSection
	GlobalSection(ProjectConfigurationPlatforms) = postSolution
		{477BABA6-FC36-4281-BDF3-F36DB25AFE8F}.Debug|Any CPU.ActiveCfg = Debug|Any CPU
		{477BABA6-FC36-4281-BDF3-F36DB25AFE8F}.Debug|Any CPU.Build.0 = Debug|Any CPU
		{477BABA6-FC36-4281-BDF3-F36DB25AFE8F}.Release|Any CPU.ActiveCfg = Release|Any CPU
		{477BABA6-FC36-4281-BDF3-F36DB25AFE8F}.Release|Any CPU.Build.0 = Release|Any CPU
		{BFEA734D-D042-4FFC-B26A-D91A740D62D5}.Debug|Any CPU.ActiveCfg = Debug|Any CPU
		{BFEA734D-D042-4FFC-B26A-D91A740D62D5}.Debug|Any CPU.Build.0 = Debug|Any CPU
		{BFEA734D-D042-4FFC-B26A-D91A740D62D5}.Release|Any CPU.ActiveCfg = Release|Any CPU
		{BFEA734D-D042-4FFC-B26A-D91A740D62D5}.Release|Any CPU.Build.0 = Release|Any CPU
	EndGlobalSection
	GlobalSection(SolutionProperties) = preSolution
		HideSolutionNode = FALSE
	EndGlobalSection
	GlobalSection(ExtensibilityGlobals) = postSolution
		SolutionGuid = {8725C8BC-D4FD-48CA-8B7F-2E355ACB660B}
	EndGlobalSection
EndGlobal
